
Microsoft Visual Studio Solution File, Format Version 12.00
# Visual Studio Version 17
VisualStudioVersion = 17.11.35312.102
MinimumVisualStudioVersion = 10.0.40219.1
Project("{FAE04EC0-301F-11D3-BF4B-00C04F79EFBC}") = "relogioDigital", "relogioDigital\relogioDigital.csproj", "{5CF68FBD-30A4-40E0-8676-E83792EA49CC}"
EndProject
Global
	GlobalSection(SolutionConfigurationPlatforms) = preSolution
		Debug|Any CPU = Debug|Any CPU
		Release|Any CPU = Release|Any CPU
	EndGlobalSection
	GlobalSection(ProjectConfigurationPlatforms) = postSolution
		{5CF68FBD-30A4-40E0-8676-E83792EA49CC}.Debug|Any CPU.ActiveCfg = Debug|Any CPU
		{5CF68FBD-30A4-40E0-8676-E83792EA49CC}.Debug|Any CPU.Build.0 = Debug|Any CPU
		{5CF68FBD-30A4-40E0-8676-E83792EA49CC}.Release|Any CPU.ActiveCfg = Release|Any CPU
		{5CF68FBD-30A4-40E0-8676-E83792EA49CC}.Release|Any CPU.Build.0 = Release|Any CPU
	EndGlobalSection
	GlobalSection(SolutionProperties) = preSolution
		HideSolutionNode = FALSE
	EndGlobalSection
	GlobalSection(ExtensibilityGlobals) = postSolution
		SolutionGuid = {2638E250-45D2-447A-93DE-5CEB0EF02558}
	EndGlobalSection
EndGlobal
